// !$*UTF8*$!
{
	archiveVersion = 1;
	classes = {
	};
	objectVersion = 56;
	objects = {

/* Begin PBXBuildFile section */
		7B1CBF86297C83DE00C31DCA /* FoodMenuApp.swift in Sources */ = {isa = PBXBuildFile; fileRef = 7B1CBF85297C83DE00C31DCA /* FoodMenuApp.swift */; };
		7B1CBF88297C83DE00C31DCA /* ContentView.swift in Sources */ = {isa = PBXBuildFile; fileRef = 7B1CBF87297C83DE00C31DCA /* ContentView.swift */; };
		7B1CBF8A297C83E000C31DCA /* Assets.xcassets in Resources */ = {isa = PBXBuildFile; fileRef = 7B1CBF89297C83E000C31DCA /* Assets.xcassets */; };
		7B1CBF8D297C83E000C31DCA /* Preview Assets.xcassets in Resources */ = {isa = PBXBuildFile; fileRef = 7B1CBF8C297C83E000C31DCA /* Preview Assets.xcassets */; };
		7B1CBF8F297C83E000C31DCA /* Persistence.swift in Sources */ = {isa = PBXBuildFile; fileRef = 7B1CBF8E297C83E000C31DCA /* Persistence.swift */; };
		7B1CBF92297C83E000C31DCA /* FoodMenu.xcdatamodeld in Sources */ = {isa = PBXBuildFile; fileRef = 7B1CBF90297C83E000C31DCA /* FoodMenu.xcdatamodeld */; };
		7B1CBF9C297C83E000C31DCA /* FoodMenuTests.swift in Sources */ = {isa = PBXBuildFile; fileRef = 7B1CBF9B297C83E000C31DCA /* FoodMenuTests.swift */; };
		7B1CBFA6297C83E000C31DCA /* FoodMenuUITests.swift in Sources */ = {isa = PBXBuildFile; fileRef = 7B1CBFA5297C83E000C31DCA /* FoodMenuUITests.swift */; };
		7B1CBFA8297C83E000C31DCA /* FoodMenuUITestsLaunchTests.swift in Sources */ = {isa = PBXBuildFile; fileRef = 7B1CBFA7297C83E000C31DCA /* FoodMenuUITestsLaunchTests.swift */; };
		7B1CBFB7297C85CD00C31DCA /* Tab.swift in Sources */ = {isa = PBXBuildFile; fileRef = 7B1CBFB6297C85CD00C31DCA /* Tab.swift */; };
		7B1CBFB9297C894F00C31DCA /* Home.swift in Sources */ = {isa = PBXBuildFile; fileRef = 7B1CBFB8297C894F00C31DCA /* Home.swift */; };
		7B507E4D2980543900C08730 /* OffsetModifier.swift in Sources */ = {isa = PBXBuildFile; fileRef = 7B507E4C2980543900C08730 /* OffsetModifier.swift */; };
/* End PBXBuildFile section */

/* Begin PBXContainerItemProxy section */
		7B1CBF98297C83E000C31DCA /* PBXContainerItemProxy */ = {
			isa = PBXContainerItemProxy;
			containerPortal = 7B1CBF7A297C83DE00C31DCA /* Project object */;
			proxyType = 1;
			remoteGlobalIDString = 7B1CBF81297C83DE00C31DCA;
			remoteInfo = FoodMenu;
		};
		7B1CBFA2297C83E000C31DCA /* PBXContainerItemProxy */ = {
			isa = PBXContainerItemProxy;
			containerPortal = 7B1CBF7A297C83DE00C31DCA /* Project object */;
			proxyType = 1;
			remoteGlobalIDString = 7B1CBF81297C83DE00C31DCA;
			remoteInfo = FoodMenu;
		};
/* End PBXContainerItemProxy section */

/* Begin PBXFileReference section */
		7B1CBF82297C83DE00C31DCA /* FoodMenu.app */ = {isa = PBXFileReference; explicitFileType = wrapper.application; includeInIndex = 0; path = FoodMenu.app; sourceTree = BUILT_PRODUCTS_DIR; };
		7B1CBF85297C83DE00C31DCA /* FoodMenuApp.swift */ = {isa = PBXFileReference; lastKnownFileType = sourcecode.swift; path = FoodMenuApp.swift; sourceTree = "<group>"; };
		7B1CBF87297C83DE00C31DCA /* ContentView.swift */ = {isa = PBXFileReference; lastKnownFileType = sourcecode.swift; path = ContentView.swift; sourceTree = "<group>"; };
		7B1CBF89297C83E000C31DCA /* Assets.xcassets */ = {isa = PBXFileReference; lastKnownFileType = folder.assetcatalog; path = Assets.xcassets; sourceTree = "<group>"; };
		7B1CBF8C297C83E000C31DCA /* Preview Assets.xcassets */ = {isa = PBXFileReference; lastKnownFileType = folder.assetcatalog; path = "Preview Assets.xcassets"; sourceTree = "<group>"; };
		7B1CBF8E297C83E000C31DCA /* Persistence.swift */ = {isa = PBXFileReference; lastKnownFileType = sourcecode.swift; path = Persistence.swift; sourceTree = "<group>"; };
		7B1CBF91297C83E000C31DCA /* FoodMenu.xcdatamodel */ = {isa = PBXFileReference; lastKnownFileType = wrapper.xcdatamodel; path = FoodMenu.xcdatamodel; sourceTree = "<group>"; };
		7B1CBF97297C83E000C31DCA /* FoodMenuTests.xctest */ = {isa = PBXFileReference; explicitFileType = wrapper.cfbundle; includeInIndex = 0; path = FoodMenuTests.xctest; sourceTree = BUILT_PRODUCTS_DIR; };
		7B1CBF9B297C83E000C31DCA /* FoodMenuTests.swift */ = {isa = PBXFileReference; lastKnownFileType = sourcecode.swift; path = FoodMenuTests.swift; sourceTree = "<group>"; };
		7B1CBFA1297C83E000C31DCA /* FoodMenuUITests.xctest */ = {isa = PBXFileReference; explicitFileType = wrapper.cfbundle; includeInIndex = 0; path = FoodMenuUITests.xctest; sourceTree = BUILT_PRODUCTS_DIR; };
		7B1CBFA5297C83E000C31DCA /* FoodMenuUITests.swift */ = {isa = PBXFileReference; lastKnownFileType = sourcecode.swift; path = FoodMenuUITests.swift; sourceTree = "<group>"; };
		7B1CBFA7297C83E000C31DCA /* FoodMenuUITestsLaunchTests.swift */ = {isa = PBXFileReference; lastKnownFileType = sourcecode.swift; path = FoodMenuUITestsLaunchTests.swift; sourceTree = "<group>"; };
		7B1CBFB6297C85CD00C31DCA /* Tab.swift */ = {isa = PBXFileReference; lastKnownFileType = sourcecode.swift; path = Tab.swift; sourceTree = "<group>"; };
		7B1CBFB8297C894F00C31DCA /* Home.swift */ = {isa = PBXFileReference; lastKnownFileType = sourcecode.swift; path = Home.swift; sourceTree = "<group>"; };
		7B507E4C2980543900C08730 /* OffsetModifier.swift */ = {isa = PBXFileReference; lastKnownFileType = sourcecode.swift; path = OffsetModifier.swift; sourceTree = "<group>"; };
/* End PBXFileReference section */

/* Begin PBXFrameworksBuildPhase section */
		7B1CBF7F297C83DE00C31DCA /* Frameworks */ = {
			isa = PBXFrameworksBuildPhase;
			buildActionMask = 2147483647;
			files = (
			);
			runOnlyForDeploymentPostprocessing = 0;
		};
		7B1CBF94297C83E000C31DCA /* Frameworks */ = {
			isa = PBXFrameworksBuildPhase;
			buildActionMask = 2147483647;
			files = (
			);
			runOnlyForDeploymentPostprocessing = 0;
		};
		7B1CBF9E297C83E000C31DCA /* Frameworks */ = {
			isa = PBXFrameworksBuildPhase;
			buildActionMask = 2147483647;
			files = (
			);
			runOnlyForDeploymentPostprocessing = 0;
		};
/* End PBXFrameworksBuildPhase section */

/* Begin PBXGroup section */
		7B1CBF79297C83DE00C31DCA = {
			isa = PBXGroup;
			children = (
				7B1CBF84297C83DE00C31DCA /* FoodMenu */,
				7B1CBF9A297C83E000C31DCA /* FoodMenuTests */,
				7B1CBFA4297C83E000C31DCA /* FoodMenuUITests */,
				7B1CBF83297C83DE00C31DCA /* Products */,
			);
			sourceTree = "<group>";
		};
		7B1CBF83297C83DE00C31DCA /* Products */ = {
			isa = PBXGroup;
			children = (
				7B1CBF82297C83DE00C31DCA /* FoodMenu.app */,
				7B1CBF97297C83E000C31DCA /* FoodMenuTests.xctest */,
				7B1CBFA1297C83E000C31DCA /* FoodMenuUITests.xctest */,
			);
			name = Products;
			sourceTree = "<group>";
		};
		7B1CBF84297C83DE00C31DCA /* FoodMenu */ = {
			isa = PBXGroup;
			children = (
				7B1CBFB5297C85B500C31DCA /* Model */,
				7B1CBFB4297C85A700C31DCA /* View */,
				7B1CBF85297C83DE00C31DCA /* FoodMenuApp.swift */,
				7B1CBF87297C83DE00C31DCA /* ContentView.swift */,
				7B1CBF89297C83E000C31DCA /* Assets.xcassets */,
				7B1CBF8E297C83E000C31DCA /* Persistence.swift */,
				7B1CBF90297C83E000C31DCA /* FoodMenu.xcdatamodeld */,
				7B1CBF8B297C83E000C31DCA /* Preview Content */,
			);
			path = FoodMenu;
			sourceTree = "<group>";
		};
		7B1CBF8B297C83E000C31DCA /* Preview Content */ = {
			isa = PBXGroup;
			children = (
				7B1CBF8C297C83E000C31DCA /* Preview Assets.xcassets */,
			);
			path = "Preview Content";
			sourceTree = "<group>";
		};
		7B1CBF9A297C83E000C31DCA /* FoodMenuTests */ = {
			isa = PBXGroup;
			children = (
				7B1CBF9B297C83E000C31DCA /* FoodMenuTests.swift */,
			);
			path = FoodMenuTests;
			sourceTree = "<group>";
		};
		7B1CBFA4297C83E000C31DCA /* FoodMenuUITests */ = {
			isa = PBXGroup;
			children = (
				7B1CBFA5297C83E000C31DCA /* FoodMenuUITests.swift */,
				7B1CBFA7297C83E000C31DCA /* FoodMenuUITestsLaunchTests.swift */,
			);
			path = FoodMenuUITests;
			sourceTree = "<group>";
		};
		7B1CBFB4297C85A700C31DCA /* View */ = {
			isa = PBXGroup;
			children = (
				7B1CBFB8297C894F00C31DCA /* Home.swift */,
			);
			path = View;
			sourceTree = "<group>";
		};
		7B1CBFB5297C85B500C31DCA /* Model */ = {
			isa = PBXGroup;
			children = (
				7B1CBFB6297C85CD00C31DCA /* Tab.swift */,
				7B507E4C2980543900C08730 /* OffsetModifier.swift */,
			);
			path = Model;
			sourceTree = "<group>";
		};
/* End PBXGroup section */

/* Begin PBXNativeTarget section */
		7B1CBF81297C83DE00C31DCA /* FoodMenu */ = {
			isa = PBXNativeTarget;
			buildConfigurationList = 7B1CBFAB297C83E000C31DCA /* Build configuration list for PBXNativeTarget "FoodMenu" */;
			buildPhases = (
				7B1CBF7E297C83DE00C31DCA /* Sources */,
				7B1CBF7F297C83DE00C31DCA /* Frameworks */,
				7B1CBF80297C83DE00C31DCA /* Resources */,
			);
			buildRules = (
			);
			dependencies = (
			);
			name = FoodMenu;
			productName = FoodMenu;
			productReference = 7B1CBF82297C83DE00C31DCA /* FoodMenu.app */;
			productType = "com.apple.product-type.application";
		};
		7B1CBF96297C83E000C31DCA /* FoodMenuTests */ = {
			isa = PBXNativeTarget;
			buildConfigurationList = 7B1CBFAE297C83E000C31DCA /* Build configuration list for PBXNativeTarget "FoodMenuTests" */;
			buildPhases = (
				7B1CBF93297C83E000C31DCA /* Sources */,
				7B1CBF94297C83E000C31DCA /* Frameworks */,
				7B1CBF95297C83E000C31DCA /* Resources */,
			);
			buildRules = (
			);
			dependencies = (
				7B1CBF99297C83E000C31DCA /* PBXTargetDependency */,
			);
			name = FoodMenuTests;
			productName = FoodMenuTests;
			productReference = 7B1CBF97297C83E000C31DCA /* FoodMenuTests.xctest */;
			productType = "com.apple.product-type.bundle.unit-test";
		};
		7B1CBFA0297C83E000C31DCA /* FoodMenuUITests */ = {
			isa = PBXNativeTarget;
			buildConfigurationList = 7B1CBFB1297C83E000C31DCA /* Build configuration list for PBXNativeTarget "FoodMenuUITests" */;
			buildPhases = (
				7B1CBF9D297C83E000C31DCA /* Sources */,
				7B1CBF9E297C83E000C31DCA /* Frameworks */,
				7B1CBF9F297C83E000C31DCA /* Resources */,
			);
			buildRules = (
			);
			dependencies = (
				7B1CBFA3297C83E000C31DCA /* PBXTargetDependency */,
			);
			name = FoodMenuUITests;
			productName = FoodMenuUITests;
			productReference = 7B1CBFA1297C83E000C31DCA /* FoodMenuUITests.xctest */;
			productType = "com.apple.product-type.bundle.ui-testing";
		};
/* End PBXNativeTarget section */

/* Begin PBXProject section */
		7B1CBF7A297C83DE00C31DCA /* Project object */ = {
			isa = PBXProject;
			attributes = {
				BuildIndependentTargetsInParallel = 1;
				LastSwiftUpdateCheck = 1420;
				LastUpgradeCheck = 1420;
				TargetAttributes = {
					7B1CBF81297C83DE00C31DCA = {
						CreatedOnToolsVersion = 14.2;
					};
					7B1CBF96297C83E000C31DCA = {
						CreatedOnToolsVersion = 14.2;
						TestTargetID = 7B1CBF81297C83DE00C31DCA;
					};
					7B1CBFA0297C83E000C31DCA = {
						CreatedOnToolsVersion = 14.2;
						TestTargetID = 7B1CBF81297C83DE00C31DCA;
					};
				};
			};
			buildConfigurationList = 7B1CBF7D297C83DE00C31DCA /* Build configuration list for PBXProject "FoodMenu" */;
			compatibilityVersion = "Xcode 14.0";
			developmentRegion = en;
			hasScannedForEncodings = 0;
			knownRegions = (
				en,
				Base,
			);
			mainGroup = 7B1CBF79297C83DE00C31DCA;
			productRefGroup = 7B1CBF83297C83DE00C31DCA /* Products */;
			projectDirPath = "";
			projectRoot = "";
			targets = (
				7B1CBF81297C83DE00C31DCA /* FoodMenu */,
				7B1CBF96297C83E000C31DCA /* FoodMenuTests */,
				7B1CBFA0297C83E000C31DCA /* FoodMenuUITests */,
			);
		};
/* End PBXProject section */

/* Begin PBXResourcesBuildPhase section */
		7B1CBF80297C83DE00C31DCA /* Resources */ = {
			isa = PBXResourcesBuildPhase;
			buildActionMask = 2147483647;
			files = (
				7B1CBF8D297C83E000C31DCA /* Preview Assets.xcassets in Resources */,
				7B1CBF8A297C83E000C31DCA /* Assets.xcassets in Resources */,
			);
			runOnlyForDeploymentPostprocessing = 0;
		};
		7B1CBF95297C83E000C31DCA /* Resources */ = {
			isa = PBXResourcesBuildPhase;
			buildActionMask = 2147483647;
			files = (
			);
			runOnlyForDeploymentPostprocessing = 0;
		};
		7B1CBF9F297C83E000C31DCA /* Resources */ = {
			isa = PBXResourcesBuildPhase;
			buildActionMask = 2147483647;
			files = (
			);
			runOnlyForDeploymentPostprocessing = 0;
		};
/* End PBXResourcesBuildPhase section */

/* Begin PBXSourcesBuildPhase section */
		7B1CBF7E297C83DE00C31DCA /* Sources */ = {
			isa = PBXSourcesBuildPhase;
			buildActionMask = 2147483647;
			files = (
				7B1CBF8F297C83E000C31DCA /* Persistence.swift in Sources */,
				7B1CBF88297C83DE00C31DCA /* ContentView.swift in Sources */,
				7B1CBFB7297C85CD00C31DCA /* Tab.swift in Sources */,
				7B507E4D2980543900C08730 /* OffsetModifier.swift in Sources */,
				7B1CBF92297C83E000C31DCA /* FoodMenu.xcdatamodeld in Sources */,
				7B1CBFB9297C894F00C31DCA /* Home.swift in Sources */,
				7B1CBF86297C83DE00C31DCA /* FoodMenuApp.swift in Sources */,
			);
			runOnlyForDeploymentPostprocessing = 0;
		};
		7B1CBF93297C83E000C31DCA /* Sources */ = {
			isa = PBXSourcesBuildPhase;
			buildActionMask = 2147483647;
			files = (
				7B1CBF9C297C83E000C31DCA /* FoodMenuTests.swift in Sources */,
			);
			runOnlyForDeploymentPostprocessing = 0;
		};
		7B1CBF9D297C83E000C31DCA /* Sources */ = {
			isa = PBXSourcesBuildPhase;
			buildActionMask = 2147483647;
			files = (
				7B1CBFA8297C83E000C31DCA /* FoodMenuUITestsLaunchTests.swift in Sources */,
				7B1CBFA6297C83E000C31DCA /* FoodMenuUITests.swift in Sources */,
			);
			runOnlyForDeploymentPostprocessing = 0;
		};
/* End PBXSourcesBuildPhase section */

/* Begin PBXTargetDependency section */
		7B1CBF99297C83E000C31DCA /* PBXTargetDependency */ = {
			isa = PBXTargetDependency;
			target = 7B1CBF81297C83DE00C31DCA /* FoodMenu */;
			targetProxy = 7B1CBF98297C83E000C31DCA /* PBXContainerItemProxy */;
		};
		7B1CBFA3297C83E000C31DCA /* PBXTargetDependency */ = {
			isa = PBXTargetDependency;
			target = 7B1CBF81297C83DE00C31DCA /* FoodMenu */;
			targetProxy = 7B1CBFA2297C83E000C31DCA /* PBXContainerItemProxy */;
		};
/* End PBXTargetDependency section */

/* Begin XCBuildConfiguration section */
		7B1CBFA9297C83E000C31DCA /* Debug */ = {
			isa = XCBuildConfiguration;
			buildSettings = {
				ALWAYS_SEARCH_USER_PATHS = NO;
				CLANG_ANALYZER_NONNULL = YES;
				CLANG_ANALYZER_NUMBER_OBJECT_CONVERSION = YES_AGGRESSIVE;
				CLANG_CXX_LANGUAGE_STANDARD = "gnu++20";
				CLANG_ENABLE_MODULES = YES;
				CLANG_ENABLE_OBJC_ARC = YES;
				CLANG_ENABLE_OBJC_WEAK = YES;
				CLANG_WARN_BLOCK_CAPTURE_AUTORELEASING = YES;
				CLANG_WARN_BOOL_CONVERSION = YES;
				CLANG_WARN_COMMA = YES;
				CLANG_WARN_CONSTANT_CONVERSION = YES;
				CLANG_WARN_DEPRECATED_OBJC_IMPLEMENTATIONS = YES;
				CLANG_WARN_DIRECT_OBJC_ISA_USAGE = YES_ERROR;
				CLANG_WARN_DOCUMENTATION_COMMENTS = YES;
				CLANG_WARN_EMPTY_BODY = YES;
				CLANG_WARN_ENUM_CONVERSION = YES;
				CLANG_WARN_INFINITE_RECURSION = YES;
				CLANG_WARN_INT_CONVERSION = YES;
				CLANG_WARN_NON_LITERAL_NULL_CONVERSION = YES;
				CLANG_WARN_OBJC_IMPLICIT_RETAIN_SELF = YES;
				CLANG_WARN_OBJC_LITERAL_CONVERSION = YES;
				CLANG_WARN_OBJC_ROOT_CLASS = YES_ERROR;
				CLANG_WARN_QUOTED_INCLUDE_IN_FRAMEWORK_HEADER = YES;
				CLANG_WARN_RANGE_LOOP_ANALYSIS = YES;
				CLANG_WARN_STRICT_PROTOTYPES = YES;
				CLANG_WARN_SUSPICIOUS_MOVE = YES;
				CLANG_WARN_UNGUARDED_AVAILABILITY = YES_AGGRESSIVE;
				CLANG_WARN_UNREACHABLE_CODE = YES;
				CLANG_WARN__DUPLICATE_METHOD_MATCH = YES;
				COPY_PHASE_STRIP = NO;
				DEBUG_INFORMATION_FORMAT = dwarf;
				ENABLE_STRICT_OBJC_MSGSEND = YES;
				ENABLE_TESTABILITY = YES;
				GCC_C_LANGUAGE_STANDARD = gnu11;
				GCC_DYNAMIC_NO_PIC = NO;
				GCC_NO_COMMON_BLOCKS = YES;
				GCC_OPTIMIZATION_LEVEL = 0;
				GCC_PREPROCESSOR_DEFINITIONS = (
					"DEBUG=1",
					"$(inherited)",
				);
				GCC_WARN_64_TO_32_BIT_CONVERSION = YES;
				GCC_WARN_ABOUT_RETURN_TYPE = YES_ERROR;
				GCC_WARN_UNDECLARED_SELECTOR = YES;
				GCC_WARN_UNINITIALIZED_AUTOS = YES_AGGRESSIVE;
				GCC_WARN_UNUSED_FUNCTION = YES;
				GCC_WARN_UNUSED_VARIABLE = YES;
				IPHONEOS_DEPLOYMENT_TARGET = 16.2;
				MTL_ENABLE_DEBUG_INFO = INCLUDE_SOURCE;
				MTL_FAST_MATH = YES;
				ONLY_ACTIVE_ARCH = YES;
				SDKROOT = iphoneos;
				SWIFT_ACTIVE_COMPILATION_CONDITIONS = DEBUG;
				SWIFT_OPTIMIZATION_LEVEL = "-Onone";
			};
			name = Debug;
		};
		7B1CBFAA297C83E000C31DCA /* Release */ = {
			isa = XCBuildConfiguration;
			buildSettings = {
				ALWAYS_SEARCH_USER_PATHS = NO;
				CLANG_ANALYZER_NONNULL = YES;
				CLANG_ANALYZER_NUMBER_OBJECT_CONVERSION = YES_AGGRESSIVE;
				CLANG_CXX_LANGUAGE_STANDARD = "gnu++20";
				CLANG_ENABLE_MODULES = YES;
				CLANG_ENABLE_OBJC_ARC = YES;
				CLANG_ENABLE_OBJC_WEAK = YES;
				CLANG_WARN_BLOCK_CAPTURE_AUTORELEASING = YES;
				CLANG_WARN_BOOL_CONVERSION = YES;
				CLANG_WARN_COMMA = YES;
				CLANG_WARN_CONSTANT_CONVERSION = YES;
				CLANG_WARN_DEPRECATED_OBJC_IMPLEMENTATIONS = YES;
				CLANG_WARN_DIRECT_OBJC_ISA_USAGE = YES_ERROR;
				CLANG_WARN_DOCUMENTATION_COMMENTS = YES;
				CLANG_WARN_EMPTY_BODY = YES;
				CLANG_WARN_ENUM_CONVERSION = YES;
				CLANG_WARN_INFINITE_RECURSION = YES;
				CLANG_WARN_INT_CONVERSION = YES;
				CLANG_WARN_NON_LITERAL_NULL_CONVERSION = YES;
				CLANG_WARN_OBJC_IMPLICIT_RETAIN_SELF = YES;
				CLANG_WARN_OBJC_LITERAL_CONVERSION = YES;
				CLANG_WARN_OBJC_ROOT_CLASS = YES_ERROR;
				CLANG_WARN_QUOTED_INCLUDE_IN_FRAMEWORK_HEADER = YES;
				CLANG_WARN_RANGE_LOOP_ANALYSIS = YES;
				CLANG_WARN_STRICT_PROTOTYPES = YES;
				CLANG_WARN_SUSPICIOUS_MOVE = YES;
				CLANG_WARN_UNGUARDED_AVAILABILITY = YES_AGGRESSIVE;
				CLANG_WARN_UNREACHABLE_CODE = YES;
				CLANG_WARN__DUPLICATE_METHOD_MATCH = YES;
				COPY_PHASE_STRIP = NO;
				DEBUG_INFORMATION_FORMAT = "dwarf-with-dsym";
				ENABLE_NS_ASSERTIONS = NO;
				ENABLE_STRICT_OBJC_MSGSEND = YES;
				GCC_C_LANGUAGE_STANDARD = gnu11;
				GCC_NO_COMMON_BLOCKS = YES;
				GCC_WARN_64_TO_32_BIT_CONVERSION = YES;
				GCC_WARN_ABOUT_RETURN_TYPE = YES_ERROR;
				GCC_WARN_UNDECLARED_SELECTOR = YES;
				GCC_WARN_UNINITIALIZED_AUTOS = YES_AGGRESSIVE;
				GCC_WARN_UNUSED_FUNCTION = YES;
				GCC_WARN_UNUSED_VARIABLE = YES;
				IPHONEOS_DEPLOYMENT_TARGET = 16.2;
				MTL_ENABLE_DEBUG_INFO = NO;
				MTL_FAST_MATH = YES;
				SDKROOT = iphoneos;
				SWIFT_COMPILATION_MODE = wholemodule;
				SWIFT_OPTIMIZATION_LEVEL = "-O";
				VALIDATE_PRODUCT = YES;
			};
			name = Release;
		};
		7B1CBFAC297C83E000C31DCA /* Debug */ = {
			isa = XCBuildConfiguration;
			buildSettings = {
				ASSETCATALOG_COMPILER_APPICON_NAME = AppIcon;
				ASSETCATALOG_COMPILER_GLOBAL_ACCENT_COLOR_NAME = AccentColor;
				CODE_SIGN_STYLE = Automatic;
				CURRENT_PROJECT_VERSION = 1;
				DEVELOPMENT_ASSET_PATHS = "\"FoodMenu/Preview Content\"";
				DEVELOPMENT_TEAM = XRR5P3RD3X;
				ENABLE_PREVIEWS = YES;
				GENERATE_INFOPLIST_FILE = YES;
				INFOPLIST_KEY_UIApplicationSceneManifest_Generation = YES;
				INFOPLIST_KEY_UIApplicationSupportsIndirectInputEvents = YES;
				INFOPLIST_KEY_UILaunchScreen_Generation = YES;
				INFOPLIST_KEY_UISupportedInterfaceOrientations_iPad = "UIInterfaceOrientationPortrait UIInterfaceOrientationPortraitUpsideDown UIInterfaceOrientationLandscapeLeft UIInterfaceOrientationLandscapeRight";
				INFOPLIST_KEY_UISupportedInterfaceOrientations_iPhone = "UIInterfaceOrientationPortrait UIInterfaceOrientationLandscapeLeft UIInterfaceOrientationLandscapeRight";
				LD_RUNPATH_SEARCH_PATHS = (
					"$(inherited)",
					"@executable_path/Frameworks",
				);
				MARKETING_VERSION = 1.0;
				PRODUCT_BUNDLE_IDENTIFIER = abdullahkaraboga.FoodMenu;
				PRODUCT_NAME = "$(TARGET_NAME)";
				SWIFT_EMIT_LOC_STRINGS = YES;
				SWIFT_VERSION = 5.0;
				TARGETED_DEVICE_FAMILY = "1,2";
			};
			name = Debug;
		};
		7B1CBFAD297C83E000C31DCA /* Release */ = {
			isa = XCBuildConfiguration;
			buildSettings = {
				ASSETCATALOG_COMPILER_APPICON_NAME = AppIcon;
				ASSETCATALOG_COMPILER_GLOBAL_ACCENT_COLOR_NAME = AccentColor;
				CODE_SIGN_STYLE = Automatic;
				CURRENT_PROJECT_VERSION = 1;
				DEVELOPMENT_ASSET_PATHS = "\"FoodMenu/Preview Content\"";
				DEVELOPMENT_TEAM = XRR5P3RD3X;
				ENABLE_PREVIEWS = YES;
				GENERATE_INFOPLIST_FILE = YES;
				INFOPLIST_KEY_UIApplicationSceneManifest_Generation = YES;
				INFOPLIST_KEY_UIApplicationSupportsIndirectInputEvents = YES;
				INFOPLIST_KEY_UILaunchScreen_Generation = YES;
				INFOPLIST_KEY_UISupportedInterfaceOrientations_iPad = "UIInterfaceOrientationPortrait UIInterfaceOrientationPortraitUpsideDown UIInterfaceOrientationLandscapeLeft UIInterfaceOrientationLandscapeRight";
				INFOPLIST_KEY_UISupportedInterfaceOrientations_iPhone = "UIInterfaceOrientationPortrait UIInterfaceOrientationLandscapeLeft UIInterfaceOrientationLandscapeRight";
				LD_RUNPATH_SEARCH_PATHS = (
					"$(inherited)",
					"@executable_path/Frameworks",
				);
				MARKETING_VERSION = 1.0;
				PRODUCT_BUNDLE_IDENTIFIER = abdullahkaraboga.FoodMenu;
				PRODUCT_NAME = "$(TARGET_NAME)";
				SWIFT_EMIT_LOC_STRINGS = YES;
				SWIFT_VERSION = 5.0;
				TARGETED_DEVICE_FAMILY = "1,2";
			};
			name = Release;
		};
		7B1CBFAF297C83E000C31DCA /* Debug */ = {
			isa = XCBuildConfiguration;
			buildSettings = {
				ALWAYS_EMBED_SWIFT_STANDARD_LIBRARIES = YES;
				BUNDLE_LOADER = "$(TEST_HOST)";
				CODE_SIGN_STYLE = Automatic;
				CURRENT_PROJECT_VERSION = 1;
				DEVELOPMENT_TEAM = XRR5P3RD3X;
				GENERATE_INFOPLIST_FILE = YES;
				IPHONEOS_DEPLOYMENT_TARGET = 16.2;
				MARKETING_VERSION = 1.0;
				PRODUCT_BUNDLE_IDENTIFIER = abdullahkaraboga.FoodMenuTests;
				PRODUCT_NAME = "$(TARGET_NAME)";
				SWIFT_EMIT_LOC_STRINGS = NO;
				SWIFT_VERSION = 5.0;
				TARGETED_DEVICE_FAMILY = "1,2";
				TEST_HOST = "$(BUILT_PRODUCTS_DIR)/FoodMenu.app/$(BUNDLE_EXECUTABLE_FOLDER_PATH)/FoodMenu";
			};
			name = Debug;
		};
		7B1CBFB0297C83E000C31DCA /* Release */ = {
			isa = XCBuildConfiguration;
			buildSettings = {
				ALWAYS_EMBED_SWIFT_STANDARD_LIBRARIES = YES;
				BUNDLE_LOADER = "$(TEST_HOST)";
				CODE_SIGN_STYLE = Automatic;
				CURRENT_PROJECT_VERSION = 1;
				DEVELOPMENT_TEAM = XRR5P3RD3X;
				GENERATE_INFOPLIST_FILE = YES;
				IPHONEOS_DEPLOYMENT_TARGET = 16.2;
				MARKETING_VERSION = 1.0;
				PRODUCT_BUNDLE_IDENTIFIER = abdullahkaraboga.FoodMenuTests;
				PRODUCT_NAME = "$(TARGET_NAME)";
				SWIFT_EMIT_LOC_STRINGS = NO;
				SWIFT_VERSION = 5.0;
				TARGETED_DEVICE_FAMILY = "1,2";
				TEST_HOST = "$(BUILT_PRODUCTS_DIR)/FoodMenu.app/$(BUNDLE_EXECUTABLE_FOLDER_PATH)/FoodMenu";
			};
			name = Release;
		};
		7B1CBFB2297C83E000C31DCA /* Debug */ = {
			isa = XCBuildConfiguration;
			buildSettings = {
				ALWAYS_EMBED_SWIFT_STANDARD_LIBRARIES = YES;
				CODE_SIGN_STYLE = Automatic;
				CURRENT_PROJECT_VERSION = 1;
				DEVELOPMENT_TEAM = XRR5P3RD3X;
				GENERATE_INFOPLIST_FILE = YES;
				MARKETING_VERSION = 1.0;
				PRODUCT_BUNDLE_IDENTIFIER = abdullahkaraboga.FoodMenuUITests;
				PRODUCT_NAME = "$(TARGET_NAME)";
				SWIFT_EMIT_LOC_STRINGS = NO;
				SWIFT_VERSION = 5.0;
				TARGETED_DEVICE_FAMILY = "1,2";
				TEST_TARGET_NAME = FoodMenu;
			};
			name = Debug;
		};
		7B1CBFB3297C83E000C31DCA /* Release */ = {
			isa = XCBuildConfiguration;
			buildSettings = {
				ALWAYS_EMBED_SWIFT_STANDARD_LIBRARIES = YES;
				CODE_SIGN_STYLE = Automatic;
				CURRENT_PROJECT_VERSION = 1;
				DEVELOPMENT_TEAM = XRR5P3RD3X;
				GENERATE_INFOPLIST_FILE = YES;
				MARKETING_VERSION = 1.0;
				PRODUCT_BUNDLE_IDENTIFIER = abdullahkaraboga.FoodMenuUITests;
				PRODUCT_NAME = "$(TARGET_NAME)";
				SWIFT_EMIT_LOC_STRINGS = NO;
				SWIFT_VERSION = 5.0;
				TARGETED_DEVICE_FAMILY = "1,2";
				TEST_TARGET_NAME = FoodMenu;
			};
			name = Release;
		};
/* End XCBuildConfiguration section */

/* Begin XCConfigurationList section */
		7B1CBF7D297C83DE00C31DCA /* Build configuration list for PBXProject "FoodMenu" */ = {
			isa = XCConfigurationList;
			buildConfigurations = (
				7B1CBFA9297C83E000C31DCA /* Debug */,
				7B1CBFAA297C83E000C31DCA /* Release */,
			);
			defaultConfigurationIsVisible = 0;
			defaultConfigurationName = Release;
		};
		7B1CBFAB297C83E000C31DCA /* Build configuration list for PBXNativeTarget "FoodMenu" */ = {
			isa = XCConfigurationList;
			buildConfigurations = (
				7B1CBFAC297C83E000C31DCA /* Debug */,
				7B1CBFAD297C83E000C31DCA /* Release */,
			);
			defaultConfigurationIsVisible = 0;
			defaultConfigurationName = Release;
		};
		7B1CBFAE297C83E000C31DCA /* Build configuration list for PBXNativeTarget "FoodMenuTests" */ = {
			isa = XCConfigurationList;
			buildConfigurations = (
				7B1CBFAF297C83E000C31DCA /* Debug */,
				7B1CBFB0297C83E000C31DCA /* Release */,
			);
			defaultConfigurationIsVisible = 0;
			defaultConfigurationName = Release;
		};
		7B1CBFB1297C83E000C31DCA /* Build configuration list for PBXNativeTarget "FoodMenuUITests" */ = {
			isa = XCConfigurationList;
			buildConfigurations = (
				7B1CBFB2297C83E000C31DCA /* Debug */,
				7B1CBFB3297C83E000C31DCA /* Release */,
			);
			defaultConfigurationIsVisible = 0;
			defaultConfigurationName = Release;
		};
/* End XCConfigurationList section */

/* Begin XCVersionGroup section */
		7B1CBF90297C83E000C31DCA /* FoodMenu.xcdatamodeld */ = {
			isa = XCVersionGroup;
			children = (
				7B1CBF91297C83E000C31DCA /* FoodMenu.xcdatamodel */,
			);
			currentVersion = 7B1CBF91297C83E000C31DCA /* FoodMenu.xcdatamodel */;
			path = FoodMenu.xcdatamodeld;
			sourceTree = "<group>";
			versionGroupType = wrapper.xcdatamodel;
		};
/* End XCVersionGroup section */
	};
	rootObject = 7B1CBF7A297C83DE00C31DCA /* Project object */;
}
